
Microsoft Visual Studio Solution File, Format Version 12.00
# Visual Studio Version 17
VisualStudioVersion = 17.14.36301.6 d17.14
MinimumVisualStudioVersion = 10.0.40219.1
Project("{FAE04EC0-301F-11D3-BF4B-00C04F79EFBC}") = "TaskMaster", "TaskMaster.csproj", "{EEF971C1-E2C0-6FC5-F328-C47B6832D3BC}"
EndProject
Global
	GlobalSection(SolutionConfigurationPlatforms) = preSolution
		Debug|Any CPU = Debug|Any CPU
		Release|Any CPU = Release|Any CPU
	EndGlobalSection
	GlobalSection(ProjectConfigurationPlatforms) = postSolution
		{EEF971C1-E2C0-6FC5-F328-C47B6832D3BC}.Debug|Any CPU.ActiveCfg = Debug|Any CPU
		{EEF971C1-E2C0-6FC5-F328-C47B6832D3BC}.Debug|Any CPU.Build.0 = Debug|Any CPU
		{EEF971C1-E2C0-6FC5-F328-C47B6832D3BC}.Release|Any CPU.ActiveCfg = Release|Any CPU
		{EEF971C1-E2C0-6FC5-F328-C47B6832D3BC}.Release|Any CPU.Build.0 = Release|Any CPU
	EndGlobalSection
	GlobalSection(SolutionProperties) = preSolution
		HideSolutionNode = FALSE
	EndGlobalSection
	GlobalSection(ExtensibilityGlobals) = postSolution
		SolutionGuid = {226DC6A7-A150-4C5E-AE61-524DF9993902}
	EndGlobalSection
EndGlobal
